# This file is automatically @generated by Cargo.
# It is not intended for manual editing.
version = 3

[[package]]
name = "blue"
version = "0.1.0"
dependencies = [
 "shut_up",
]

[[package]]
name = "shut_up"
version = "0.1.1"
source = "registry+https://github.com/rust-lang/crates.io-index"
checksum = "7c26df9e18d8785fefe272a10027f894a6ad97670d99fd452a8c93f98047517a"
